
Microsoft Visual Studio Solution File, Format Version 12.00
# Visual Studio Version 17
VisualStudioVersion = 17.6.33723.286
MinimumVisualStudioVersion = 10.0.40219.1
Project("{FAE04EC0-301F-11D3-BF4B-00C04F79EFBC}") = "Method", "Method\Method.csproj", "{90C1F214-A22B-4CA4-B487-DB688BA4A86F}"
EndProject
Global
	GlobalSection(SolutionConfigurationPlatforms) = preSolution
		Debug|Any CPU = Debug|Any CPU
		Release|Any CPU = Release|Any CPU
	EndGlobalSection
	GlobalSection(ProjectConfigurationPlatforms) = postSolution
		{90C1F214-A22B-4CA4-B487-DB688BA4A86F}.Debug|Any CPU.ActiveCfg = Debug|Any CPU
		{90C1F214-A22B-4CA4-B487-DB688BA4A86F}.Debug|Any CPU.Build.0 = Debug|Any CPU
		{90C1F214-A22B-4CA4-B487-DB688BA4A86F}.Release|Any CPU.ActiveCfg = Release|Any CPU
		{90C1F214-A22B-4CA4-B487-DB688BA4A86F}.Release|Any CPU.Build.0 = Release|Any CPU
	EndGlobalSection
	GlobalSection(SolutionProperties) = preSolution
		HideSolutionNode = FALSE
	EndGlobalSection
	GlobalSection(ExtensibilityGlobals) = postSolution
		SolutionGuid = {2CBC2D3F-05F5-4353-A058-D6916AF2C202}
	EndGlobalSection
EndGlobal
